
Microsoft Visual Studio Solution File, Format Version 11.00
# Visual Studio 2010
Project("{FAE04EC0-301F-11D3-BF4B-00C04F79EFBC}") = "幻城探险2D横版通关小游戏", "Assembly-CSharp.csproj", "{395AB391-39A2-4D27-B20C-703AAF053DAF}"
EndProject
Project("{FAE04EC0-301F-11D3-BF4B-00C04F79EFBC}") = "幻城探险2D横版通关小游戏", "Assembly-CSharp-Editor-firstpass.csproj", "{230C5B39-D813-53DB-F0B8-CEDFB7D4A3EC}"
EndProject
Global
	GlobalSection(SolutionConfigurationPlatforms) = preSolution
		Debug|Any CPU = Debug|Any CPU
		Release|Any CPU = Release|Any CPU
	EndGlobalSection
	GlobalSection(ProjectConfigurationPlatforms) = postSolution
		{395AB391-39A2-4D27-B20C-703AAF053DAF}.Debug|Any CPU.ActiveCfg = Debug|Any CPU
		{395AB391-39A2-4D27-B20C-703AAF053DAF}.Debug|Any CPU.Build.0 = Debug|Any CPU
		{395AB391-39A2-4D27-B20C-703AAF053DAF}.Release|Any CPU.ActiveCfg = Release|Any CPU
		{395AB391-39A2-4D27-B20C-703AAF053DAF}.Release|Any CPU.Build.0 = Release|Any CPU
		{230C5B39-D813-53DB-F0B8-CEDFB7D4A3EC}.Debug|Any CPU.ActiveCfg = Debug|Any CPU
		{230C5B39-D813-53DB-F0B8-CEDFB7D4A3EC}.Debug|Any CPU.Build.0 = Debug|Any CPU
		{230C5B39-D813-53DB-F0B8-CEDFB7D4A3EC}.Release|Any CPU.ActiveCfg = Release|Any CPU
		{230C5B39-D813-53DB-F0B8-CEDFB7D4A3EC}.Release|Any CPU.Build.0 = Release|Any CPU
	EndGlobalSection
	GlobalSection(SolutionProperties) = preSolution
		HideSolutionNode = FALSE
	EndGlobalSection
	GlobalSection(MonoDevelopProperties) = preSolution
		StartupItem = Assembly-CSharp.csproj
	EndGlobalSection
EndGlobal
